
Microsoft Visual Studio Solution File, Format Version 12.00
# Visual Studio 15
VisualStudioVersion = 15.0.28307.168
MinimumVisualStudioVersion = 10.0.40219.1
Project("{FAE04EC0-301F-11D3-BF4B-00C04F79EFBC}") = "28.04", "28.04\28.04.csproj", "{86E767DF-6258-4994-8E28-4986FFFA08FA}"
EndProject
Global
	GlobalSection(SolutionConfigurationPlatforms) = preSolution
		Debug|Any CPU = Debug|Any CPU
		Release|Any CPU = Release|Any CPU
	EndGlobalSection
	GlobalSection(ProjectConfigurationPlatforms) = postSolution
		{86E767DF-6258-4994-8E28-4986FFFA08FA}.Debug|Any CPU.ActiveCfg = Debug|Any CPU
		{86E767DF-6258-4994-8E28-4986FFFA08FA}.Debug|Any CPU.Build.0 = Debug|Any CPU
		{86E767DF-6258-4994-8E28-4986FFFA08FA}.Release|Any CPU.ActiveCfg = Release|Any CPU
		{86E767DF-6258-4994-8E28-4986FFFA08FA}.Release|Any CPU.Build.0 = Release|Any CPU
	EndGlobalSection
	GlobalSection(SolutionProperties) = preSolution
		HideSolutionNode = FALSE
	EndGlobalSection
	GlobalSection(ExtensibilityGlobals) = postSolution
		SolutionGuid = {28186271-3038-4CAE-A1B0-B53BAE5778AD}
	EndGlobalSection
EndGlobal
